
Microsoft Visual Studio Solution File, Format Version 12.00
# Visual Studio for Mac
Project("{FAE04EC0-301F-11D3-BF4B-00C04F79EFBC}") = "Twin-Stick.Plugins", "Twin-Stick.Plugins.csproj", "{E94CF7DC-3EA3-E3F8-715A-EE32E31BED3E}"
EndProject
Project("{FAE04EC0-301F-11D3-BF4B-00C04F79EFBC}") = "Twin-Stick", "Twin-Stick.csproj", "{25FB8CDA-E4CF-8638-23C4-CF3D4E165171}"
EndProject
Project("{FAE04EC0-301F-11D3-BF4B-00C04F79EFBC}") = "Twin-Stick.Editor.Plugins", "Twin-Stick.Editor.Plugins.csproj", "{7EE13F38-A5AE-C21A-C89D-363472A1198F}"
EndProject
Global
	GlobalSection(SolutionConfigurationPlatforms) = preSolution
		Debug|Any CPU = Debug|Any CPU
		Release|Any CPU = Release|Any CPU
	EndGlobalSection
	GlobalSection(ProjectConfigurationPlatforms) = postSolution
		{E94CF7DC-3EA3-E3F8-715A-EE32E31BED3E}.Debug|Any CPU.ActiveCfg = Debug|Any CPU
		{E94CF7DC-3EA3-E3F8-715A-EE32E31BED3E}.Debug|Any CPU.Build.0 = Debug|Any CPU
		{E94CF7DC-3EA3-E3F8-715A-EE32E31BED3E}.Release|Any CPU.ActiveCfg = Release|Any CPU
		{E94CF7DC-3EA3-E3F8-715A-EE32E31BED3E}.Release|Any CPU.Build.0 = Release|Any CPU
		{25FB8CDA-E4CF-8638-23C4-CF3D4E165171}.Debug|Any CPU.ActiveCfg = Debug|Any CPU
		{25FB8CDA-E4CF-8638-23C4-CF3D4E165171}.Debug|Any CPU.Build.0 = Debug|Any CPU
		{25FB8CDA-E4CF-8638-23C4-CF3D4E165171}.Release|Any CPU.ActiveCfg = Release|Any CPU
		{25FB8CDA-E4CF-8638-23C4-CF3D4E165171}.Release|Any CPU.Build.0 = Release|Any CPU
		{7EE13F38-A5AE-C21A-C89D-363472A1198F}.Debug|Any CPU.ActiveCfg = Debug|Any CPU
		{7EE13F38-A5AE-C21A-C89D-363472A1198F}.Debug|Any CPU.Build.0 = Debug|Any CPU
		{7EE13F38-A5AE-C21A-C89D-363472A1198F}.Release|Any CPU.ActiveCfg = Release|Any CPU
		{7EE13F38-A5AE-C21A-C89D-363472A1198F}.Release|Any CPU.Build.0 = Release|Any CPU
	EndGlobalSection
	GlobalSection(SolutionProperties) = preSolution
		HideSolutionNode = FALSE
	EndGlobalSection
EndGlobal
